
Microsoft Visual Studio Solution File, Format Version 12.00
# Visual Studio Version 17
VisualStudioVersion = 17.14.36717.8
MinimumVisualStudioVersion = 10.0.40219.1
Project("{FAE04EC0-301F-11D3-BF4B-00C04F79EFBC}") = "MyApp", "MyApp\MyApp.csproj", "{E8330281-D7E2-48D8-8BBC-0B5923C6DD5D}"
EndProject
Project("{FAE04EC0-301F-11D3-BF4B-00C04F79EFBC}") = "TestProject", "TestProject\TestProject.csproj", "{58C2059F-B110-4B90-98A3-99EE89A5D650}"
EndProject
Project("{FAE04EC0-301F-11D3-BF4B-00C04F79EFBC}") = "RemainderLambda", "RemainderLambda\src\RemainderLambda\RemainderLambda.csproj", "{62EE5EB3-FB93-EA16-651F-73C439C030CD}"
EndProject
Project("{FAE04EC0-301F-11D3-BF4B-00C04F79EFBC}") = "RemainderLambda.Tests", "RemainderLambda\test\RemainderLambda.Tests\RemainderLambda.Tests.csproj", "{86E5F1CE-EEFC-2E02-FBCD-355C12ADA0D7}"
EndProject
Global
	GlobalSection(SolutionConfigurationPlatforms) = preSolution
		Debug|Any CPU = Debug|Any CPU
		Release|Any CPU = Release|Any CPU
	EndGlobalSection
	GlobalSection(ProjectConfigurationPlatforms) = postSolution
		{E8330281-D7E2-48D8-8BBC-0B5923C6DD5D}.Debug|Any CPU.ActiveCfg = Debug|Any CPU
		{E8330281-D7E2-48D8-8BBC-0B5923C6DD5D}.Debug|Any CPU.Build.0 = Debug|Any CPU
		{E8330281-D7E2-48D8-8BBC-0B5923C6DD5D}.Release|Any CPU.ActiveCfg = Release|Any CPU
		{E8330281-D7E2-48D8-8BBC-0B5923C6DD5D}.Release|Any CPU.Build.0 = Release|Any CPU
		{58C2059F-B110-4B90-98A3-99EE89A5D650}.Debug|Any CPU.ActiveCfg = Debug|Any CPU
		{58C2059F-B110-4B90-98A3-99EE89A5D650}.Debug|Any CPU.Build.0 = Debug|Any CPU
		{58C2059F-B110-4B90-98A3-99EE89A5D650}.Release|Any CPU.ActiveCfg = Release|Any CPU
		{58C2059F-B110-4B90-98A3-99EE89A5D650}.Release|Any CPU.Build.0 = Release|Any CPU
		{62EE5EB3-FB93-EA16-651F-73C439C030CD}.Debug|Any CPU.ActiveCfg = Debug|Any CPU
		{62EE5EB3-FB93-EA16-651F-73C439C030CD}.Debug|Any CPU.Build.0 = Debug|Any CPU
		{62EE5EB3-FB93-EA16-651F-73C439C030CD}.Release|Any CPU.ActiveCfg = Release|Any CPU
		{62EE5EB3-FB93-EA16-651F-73C439C030CD}.Release|Any CPU.Build.0 = Release|Any CPU
		{86E5F1CE-EEFC-2E02-FBCD-355C12ADA0D7}.Debug|Any CPU.ActiveCfg = Debug|Any CPU
		{86E5F1CE-EEFC-2E02-FBCD-355C12ADA0D7}.Debug|Any CPU.Build.0 = Debug|Any CPU
		{86E5F1CE-EEFC-2E02-FBCD-355C12ADA0D7}.Release|Any CPU.ActiveCfg = Release|Any CPU
		{86E5F1CE-EEFC-2E02-FBCD-355C12ADA0D7}.Release|Any CPU.Build.0 = Release|Any CPU
	EndGlobalSection
	GlobalSection(SolutionProperties) = preSolution
		HideSolutionNode = FALSE
	EndGlobalSection
	GlobalSection(ExtensibilityGlobals) = postSolution
		SolutionGuid = {1D36F8EF-02CD-41F1-B31E-A05619AE6AEA}
	EndGlobalSection
EndGlobal
